<?xml version="1.0" encoding="utf-8"?>
<Project ToolsVersion="4.0" xmlns="http://schemas.microsoft.com/developer/msbuild/2003">
  <ItemGroup>
    <Filter Include="Source Files">
      <UniqueIdentifier>{4FC737F1-C7A5-4376-A066-2A32D752A2FF}</UniqueIdentifier>
      <Extensions>cpp;c;cc;cxx;def;odl;idl;hpj;bat;asm;asmx</Extensions>
    </Filter>
    <Filter Include="Header Files">
      <UniqueIdentifier>{93995380-89BD-4b04-88EB-625FBE52EBFB}</UniqueIdentifier>
      <Extensions>h;hh;hpp;hxx;hm;inl;inc;xsd</Extensions>
    </Filter>
    <Filter Include="Resource Files">
      <UniqueIdentifier>{67DA6AB6-F800-4c08-8B7A-83BB121AAD01}</UniqueIdentifier>
      <Extensions>rc;ico;cur;bmp;dlg;rc2;rct;bin;rgs;gif;jpg;jpeg;jpe;resx;tiff;tif;png;wav;mfcribbon-ms</Extensions>
    </Filter>
  </ItemGroup>
  <ItemGroup>
    <None Include="open_evse.ino" />
  </ItemGroup>
  <ItemGroup>
    <ClInclude Include="__vm\.open_evse.vsarduino.h">
      <Filter>Header Files</Filter>
    </ClInclude>
    <ClInclude Include="Adafruit_TMP007.h">
      <Filter>Header Files</Filter>
    </ClInclude>
    <ClInclude Include="AutoCurrentCapacityController.h">
      <Filter>Header Files</Filter>
    </ClInclude>
    <ClInclude Include="avrstuff.h">
      <Filter>Header Files</Filter>
    </ClInclude>
    <ClInclude Include="Gfi.h">
      <Filter>Header Files</Filter>
    </ClInclude>
    <ClInclude Include="i2caddr.h">
      <Filter>Header Files</Filter>
    </ClInclude>
    <ClInclude Include="I2CIO.h">
      <Filter>Header Files</Filter>
    </ClInclude>
    <ClInclude Include="J1772EvseController.h">
      <Filter>Header Files</Filter>
    </ClInclude>
    <ClInclude Include="J1772Pilot.h">
      <Filter>Header Files</Filter>
    </ClInclude>
    <ClInclude Include="Language_default.h">
      <Filter>Header Files</Filter>
    </ClInclude>
    <ClInclude Include="LCD.h">
      <Filter>Header Files</Filter>
    </ClInclude>
    <ClInclude Include="LiquidCrystal_I2C.h">
      <Filter>Header Files</Filter>
    </ClInclude>
    <ClInclude Include="LiquidTWI2.h">
      <Filter>Header Files</Filter>
    </ClInclude>
    <ClInclude Include="MCP9808.h">
      <Filter>Header Files</Filter>
    </ClInclude>
    <ClInclude Include="MennekesLock.h">
      <Filter>Header Files</Filter>
    </ClInclude>
    <ClInclude Include="open_evse.h">
      <Filter>Header Files</Filter>
    </ClInclude>
    <ClInclude Include="rapi_proc.h">
      <Filter>Header Files</Filter>
    </ClInclude>
    <ClInclude Include="RTClib.h">
      <Filter>Header Files</Filter>
    </ClInclude>
    <ClInclude Include="serialcli.h">
      <Filter>Header Files</Filter>
    </ClInclude>
    <ClInclude Include="strings.h">
      <Filter>Header Files</Filter>
    </ClInclude>
    <ClInclude Include="Time.h">
      <Filter>Header Files</Filter>
    </ClInclude>
    <ClInclude Include="twi.h">
      <Filter>Header Files</Filter>
    </ClInclude>
    <ClInclude Include="Wire.h">
      <Filter>Header Files</Filter>
    </ClInclude>
    <ClInclude Include="EnergyMeter.h">
      <Filter>Header Files</Filter>
    </ClInclude>
  </ItemGroup>
  <ItemGroup>
    <ClCompile Include="Adafruit_TMP007.cpp">
      <Filter>Source Files</Filter>
    </ClCompile>
    <ClCompile Include="AutoCurrentCapacityController.cpp">
      <Filter>Source Files</Filter>
    </ClCompile>
    <ClCompile Include="avrstuff.cpp">
      <Filter>Source Files</Filter>
    </ClCompile>
    <ClCompile Include="Gfi.cpp">
      <Filter>Source Files</Filter>
    </ClCompile>
    <ClCompile Include="I2CIO.cpp">
      <Filter>Source Files</Filter>
    </ClCompile>
    <ClCompile Include="J1772EvseController.cpp">
      <Filter>Source Files</Filter>
    </ClCompile>
    <ClCompile Include="J1772Pilot.cpp">
      <Filter>Source Files</Filter>
    </ClCompile>
    <ClCompile Include="LCD.cpp">
      <Filter>Source Files</Filter>
    </ClCompile>
    <ClCompile Include="LiquidCrystal_I2C.cpp">
      <Filter>Source Files</Filter>
    </ClCompile>
    <ClCompile Include="LiquidTWI2.cpp">
      <Filter>Source Files</Filter>
    </ClCompile>
    <ClCompile Include="MCP9808.cpp">
      <Filter>Source Files</Filter>
    </ClCompile>
    <ClCompile Include="MennekesLock.cpp">
      <Filter>Source Files</Filter>
    </ClCompile>
    <ClCompile Include="rapi_proc.cpp">
      <Filter>Source Files</Filter>
    </ClCompile>
    <ClCompile Include="RTClib.cpp">
      <Filter>Source Files</Filter>
    </ClCompile>
    <ClCompile Include="serialcli.cpp">
      <Filter>Source Files</Filter>
    </ClCompile>
    <ClCompile Include="strings.cpp">
      <Filter>Source Files</Filter>
    </ClCompile>
    <ClCompile Include="Time.cpp">
      <Filter>Source Files</Filter>
    </ClCompile>
    <ClCompile Include="twi.c">
      <Filter>Source Files</Filter>
    </ClCompile>
    <ClCompile Include="Wire.cpp">
      <Filter>Source Files</Filter>
    </ClCompile>
    <ClCompile Include="EnergyMeter.cpp">
      <Filter>Source Files</Filter>
    </ClCompile>
  </ItemGroup>
</Project>